
Microsoft Visual Studio Solution File, Format Version 12.00
# Visual Studio 15
VisualStudioVersion = 15.0.27703.2018
MinimumVisualStudioVersion = 10.0.40219.1
Project("{FAE04EC0-301F-11D3-BF4B-00C04F79EFBC}") = "EntityStudent", "EntityStudent\EntityStudent.csproj", "{704C5FE9-6114-432F-AFF7-8F782356CE28}"
EndProject
Global
	GlobalSection(SolutionConfigurationPlatforms) = preSolution
		Debug|Any CPU = Debug|Any CPU
		Release|Any CPU = Release|Any CPU
	EndGlobalSection
	GlobalSection(ProjectConfigurationPlatforms) = postSolution
		{704C5FE9-6114-432F-AFF7-8F782356CE28}.Debug|Any CPU.ActiveCfg = Debug|Any CPU
		{704C5FE9-6114-432F-AFF7-8F782356CE28}.Debug|Any CPU.Build.0 = Debug|Any CPU
		{704C5FE9-6114-432F-AFF7-8F782356CE28}.Release|Any CPU.ActiveCfg = Release|Any CPU
		{704C5FE9-6114-432F-AFF7-8F782356CE28}.Release|Any CPU.Build.0 = Release|Any CPU
	EndGlobalSection
	GlobalSection(SolutionProperties) = preSolution
		HideSolutionNode = FALSE
	EndGlobalSection
	GlobalSection(ExtensibilityGlobals) = postSolution
		SolutionGuid = {093BD428-D616-4A61-9DBA-9B3D3A0BBB3A}
	EndGlobalSection
EndGlobal
